
Microsoft Visual Studio Solution File, Format Version 12.00
# Visual Studio Version 17
VisualStudioVersion = 17.1.32228.430
MinimumVisualStudioVersion = 10.0.40219.1
Project("{9A19103F-16F7-4668-BE54-9A1E7A4F7556}") = "Reserva-B", "Reserva-B.csproj", "{B8801BC4-ACC5-4AB3-B23A-3620F7746DDF}"
EndProject
Global
	GlobalSection(SolutionConfigurationPlatforms) = preSolution
		Debug|Any CPU = Debug|Any CPU
		Release|Any CPU = Release|Any CPU
	EndGlobalSection
	GlobalSection(ProjectConfigurationPlatforms) = postSolution
		{B8801BC4-ACC5-4AB3-B23A-3620F7746DDF}.Debug|Any CPU.ActiveCfg = Debug|Any CPU
		{B8801BC4-ACC5-4AB3-B23A-3620F7746DDF}.Debug|Any CPU.Build.0 = Debug|Any CPU
		{B8801BC4-ACC5-4AB3-B23A-3620F7746DDF}.Release|Any CPU.ActiveCfg = Release|Any CPU
		{B8801BC4-ACC5-4AB3-B23A-3620F7746DDF}.Release|Any CPU.Build.0 = Release|Any CPU
	EndGlobalSection
	GlobalSection(SolutionProperties) = preSolution
		HideSolutionNode = FALSE
	EndGlobalSection
	GlobalSection(ExtensibilityGlobals) = postSolution
		SolutionGuid = {415A434B-0977-462D-A4AA-75111BD6DE58}
	EndGlobalSection
EndGlobal
